
Microsoft Visual Studio Solution File, Format Version 12.00
# Visual Studio 15
VisualStudioVersion = 15.0.27703.2026
MinimumVisualStudioVersion = 10.0.40219.1
Project("{F184B08F-C81C-45F6-A57F-5ABD9991F28F}") = "VB Beater Application", "VB Beater Application\VB Beater Application.vbproj", "{181444D9-AFFF-4B6F-8440-E24BDA1E1E46}"
EndProject
Global
	GlobalSection(SolutionConfigurationPlatforms) = preSolution
		Debug|Any CPU = Debug|Any CPU
		Debug|x64 = Debug|x64
		Debug|x86 = Debug|x86
		Last_x64|Any CPU = Last_x64|Any CPU
		Last_x64|x64 = Last_x64|x64
		Last_x64|x86 = Last_x64|x86
		Last_x86|Any CPU = Last_x86|Any CPU
		Last_x86|x64 = Last_x86|x64
		Last_x86|x86 = Last_x86|x86
		Quick Run|Any CPU = Quick Run|Any CPU
		Quick Run|x64 = Quick Run|x64
		Quick Run|x86 = Quick Run|x86
		Release|Any CPU = Release|Any CPU
		Release|x64 = Release|x64
		Release|x86 = Release|x86
	EndGlobalSection
	GlobalSection(ProjectConfigurationPlatforms) = postSolution
		{181444D9-AFFF-4B6F-8440-E24BDA1E1E46}.Debug|Any CPU.ActiveCfg = Debug|Any CPU
		{181444D9-AFFF-4B6F-8440-E24BDA1E1E46}.Debug|Any CPU.Build.0 = Debug|Any CPU
		{181444D9-AFFF-4B6F-8440-E24BDA1E1E46}.Debug|x64.ActiveCfg = Debug|x64
		{181444D9-AFFF-4B6F-8440-E24BDA1E1E46}.Debug|x64.Build.0 = Debug|x64
		{181444D9-AFFF-4B6F-8440-E24BDA1E1E46}.Debug|x86.ActiveCfg = Debug|x86
		{181444D9-AFFF-4B6F-8440-E24BDA1E1E46}.Debug|x86.Build.0 = Debug|x86
		{181444D9-AFFF-4B6F-8440-E24BDA1E1E46}.Last_x64|Any CPU.ActiveCfg = Last_x64|Any CPU
		{181444D9-AFFF-4B6F-8440-E24BDA1E1E46}.Last_x64|Any CPU.Build.0 = Last_x64|Any CPU
		{181444D9-AFFF-4B6F-8440-E24BDA1E1E46}.Last_x64|x64.ActiveCfg = Last_x64|x64
		{181444D9-AFFF-4B6F-8440-E24BDA1E1E46}.Last_x64|x64.Build.0 = Last_x64|x64
		{181444D9-AFFF-4B6F-8440-E24BDA1E1E46}.Last_x64|x86.ActiveCfg = Last_x64|x86
		{181444D9-AFFF-4B6F-8440-E24BDA1E1E46}.Last_x64|x86.Build.0 = Last_x64|x86
		{181444D9-AFFF-4B6F-8440-E24BDA1E1E46}.Last_x86|Any CPU.ActiveCfg = Last_x86|Any CPU
		{181444D9-AFFF-4B6F-8440-E24BDA1E1E46}.Last_x86|Any CPU.Build.0 = Last_x86|Any CPU
		{181444D9-AFFF-4B6F-8440-E24BDA1E1E46}.Last_x86|x64.ActiveCfg = Last_x86|x64
		{181444D9-AFFF-4B6F-8440-E24BDA1E1E46}.Last_x86|x64.Build.0 = Last_x86|x64
		{181444D9-AFFF-4B6F-8440-E24BDA1E1E46}.Last_x86|x86.ActiveCfg = Last_x86|x86
		{181444D9-AFFF-4B6F-8440-E24BDA1E1E46}.Last_x86|x86.Build.0 = Last_x86|x86
		{181444D9-AFFF-4B6F-8440-E24BDA1E1E46}.Quick Run|Any CPU.ActiveCfg = Quick Run|Any CPU
		{181444D9-AFFF-4B6F-8440-E24BDA1E1E46}.Quick Run|Any CPU.Build.0 = Quick Run|Any CPU
		{181444D9-AFFF-4B6F-8440-E24BDA1E1E46}.Quick Run|x64.ActiveCfg = Quick Run|x64
		{181444D9-AFFF-4B6F-8440-E24BDA1E1E46}.Quick Run|x64.Build.0 = Quick Run|x64
		{181444D9-AFFF-4B6F-8440-E24BDA1E1E46}.Quick Run|x86.ActiveCfg = Quick Run|x86
		{181444D9-AFFF-4B6F-8440-E24BDA1E1E46}.Quick Run|x86.Build.0 = Quick Run|x86
		{181444D9-AFFF-4B6F-8440-E24BDA1E1E46}.Release|Any CPU.ActiveCfg = Release|Any CPU
		{181444D9-AFFF-4B6F-8440-E24BDA1E1E46}.Release|Any CPU.Build.0 = Release|Any CPU
		{181444D9-AFFF-4B6F-8440-E24BDA1E1E46}.Release|x64.ActiveCfg = Release|x64
		{181444D9-AFFF-4B6F-8440-E24BDA1E1E46}.Release|x64.Build.0 = Release|x64
		{181444D9-AFFF-4B6F-8440-E24BDA1E1E46}.Release|x86.ActiveCfg = Release|x86
		{181444D9-AFFF-4B6F-8440-E24BDA1E1E46}.Release|x86.Build.0 = Release|x86
	EndGlobalSection
	GlobalSection(SolutionProperties) = preSolution
		HideSolutionNode = FALSE
	EndGlobalSection
	GlobalSection(ExtensibilityGlobals) = postSolution
		SolutionGuid = {AC35DA0E-BAE1-45A8-B933-5A04072DAC6B}
	EndGlobalSection
EndGlobal
